// !$*UTF8*$!
{
	archiveVersion = 1;
	classes = {
	};
	objectVersion = 46;
	objects = {

/* Begin PBXBuildFile section */
		5EF668231D11A5FF00E503FB /* AppDelegate.swift in Sources */ = {isa = PBXBuildFile; fileRef = 5EF668221D11A5FF00E503FB /* AppDelegate.swift */; };
		5EF668281D11A5FF00E503FB /* Main.storyboard in Resources */ = {isa = PBXBuildFile; fileRef = 5EF668261D11A5FF00E503FB /* Main.storyboard */; };
		5EF6682A1D11A5FF00E503FB /* Assets.xcassets in Resources */ = {isa = PBXBuildFile; fileRef = 5EF668291D11A5FF00E503FB /* Assets.xcassets */; };
		5EF6682D1D11A5FF00E503FB /* LaunchScreen.storyboard in Resources */ = {isa = PBXBuildFile; fileRef = 5EF6682B1D11A5FF00E503FB /* LaunchScreen.storyboard */; };
		5EF668351D11A73200E503FB /* HeroTableViewController.swift in Sources */ = {isa = PBXBuildFile; fileRef = 5EF668341D11A73200E503FB /* HeroTableViewController.swift */; };
		5EF668371D11B0F900E503FB /* HeroTableViewCell.swift in Sources */ = {isa = PBXBuildFile; fileRef = 5EF668361D11B0F900E503FB /* HeroTableViewCell.swift */; };
		5EF6683B1D11B41500E503FB /* RightHeroTableViewCell.swift in Sources */ = {isa = PBXBuildFile; fileRef = 5EF6683A1D11B41500E503FB /* RightHeroTableViewCell.swift */; };
		5EF6683D1D11BD5700E503FB /* Hero.swift in Sources */ = {isa = PBXBuildFile; fileRef = 5EF6683C1D11BD5700E503FB /* Hero.swift */; };
/* End PBXBuildFile section */

/* Begin PBXFileReference section */
		5EF6681F1D11A5FF00E503FB /* HeroApp.app */ = {isa = PBXFileReference; explicitFileType = wrapper.application; includeInIndex = 0; path = HeroApp.app; sourceTree = BUILT_PRODUCTS_DIR; };
		5EF668221D11A5FF00E503FB /* AppDelegate.swift */ = {isa = PBXFileReference; lastKnownFileType = sourcecode.swift; path = AppDelegate.swift; sourceTree = "<group>"; };
		5EF668271D11A5FF00E503FB /* Base */ = {isa = PBXFileReference; lastKnownFileType = file.storyboard; name = Base; path = Base.lproj/Main.storyboard; sourceTree = "<group>"; };
		5EF668291D11A5FF00E503FB /* Assets.xcassets */ = {isa = PBXFileReference; lastKnownFileType = folder.assetcatalog; path = Assets.xcassets; sourceTree = "<group>"; };
		5EF6682C1D11A5FF00E503FB /* Base */ = {isa = PBXFileReference; lastKnownFileType = file.storyboard; name = Base; path = Base.lproj/LaunchScreen.storyboard; sourceTree = "<group>"; };
		5EF6682E1D11A5FF00E503FB /* Info.plist */ = {isa = PBXFileReference; lastKnownFileType = text.plist.xml; path = Info.plist; sourceTree = "<group>"; };
		5EF668341D11A73200E503FB /* HeroTableViewController.swift */ = {isa = PBXFileReference; fileEncoding = 4; lastKnownFileType = sourcecode.swift; path = HeroTableViewController.swift; sourceTree = "<group>"; };
		5EF668361D11B0F900E503FB /* HeroTableViewCell.swift */ = {isa = PBXFileReference; fileEncoding = 4; lastKnownFileType = sourcecode.swift; path = HeroTableViewCell.swift; sourceTree = "<group>"; };
		5EF6683A1D11B41500E503FB /* RightHeroTableViewCell.swift */ = {isa = PBXFileReference; fileEncoding = 4; lastKnownFileType = sourcecode.swift; path = RightHeroTableViewCell.swift; sourceTree = "<group>"; };
		5EF6683C1D11BD5700E503FB /* Hero.swift */ = {isa = PBXFileReference; fileEncoding = 4; lastKnownFileType = sourcecode.swift; path = Hero.swift; sourceTree = "<group>"; };
/* End PBXFileReference section */

/* Begin PBXFrameworksBuildPhase section */
		5EF6681C1D11A5FF00E503FB /* Frameworks */ = {
			isa = PBXFrameworksBuildPhase;
			buildActionMask = 2147483647;
			files = (
			);
			runOnlyForDeploymentPostprocessing = 0;
		};
/* End PBXFrameworksBuildPhase section */

/* Begin PBXGroup section */
		5EF668161D11A5FF00E503FB = {
			isa = PBXGroup;
			children = (
				5EF668211D11A5FF00E503FB /* HeroApp */,
				5EF668201D11A5FF00E503FB /* Products */,
			);
			sourceTree = "<group>";
		};
		5EF668201D11A5FF00E503FB /* Products */ = {
			isa = PBXGroup;
			children = (
				5EF6681F1D11A5FF00E503FB /* HeroApp.app */,
			);
			name = Products;
			sourceTree = "<group>";
		};
		5EF668211D11A5FF00E503FB /* HeroApp */ = {
			isa = PBXGroup;
			children = (
				5EF668221D11A5FF00E503FB /* AppDelegate.swift */,
				5EF6683E1D11C19B00E503FB /* Models */,
				5EF668391D11B1C200E503FB /* Controllers */,
				5EF668381D11B1B400E503FB /* Views */,
				5EF668261D11A5FF00E503FB /* Main.storyboard */,
				5EF668291D11A5FF00E503FB /* Assets.xcassets */,
				5EF6682B1D11A5FF00E503FB /* LaunchScreen.storyboard */,
				5EF6682E1D11A5FF00E503FB /* Info.plist */,
			);
			path = HeroApp;
			sourceTree = "<group>";
		};
		5EF668381D11B1B400E503FB /* Views */ = {
			isa = PBXGroup;
			children = (
				5EF668361D11B0F900E503FB /* HeroTableViewCell.swift */,
				5EF6683A1D11B41500E503FB /* RightHeroTableViewCell.swift */,
			);
			name = Views;
			sourceTree = "<group>";
		};
		5EF668391D11B1C200E503FB /* Controllers */ = {
			isa = PBXGroup;
			children = (
				5EF668341D11A73200E503FB /* HeroTableViewController.swift */,
			);
			name = Controllers;
			sourceTree = "<group>";
		};
		5EF6683E1D11C19B00E503FB /* Models */ = {
			isa = PBXGroup;
			children = (
				5EF6683C1D11BD5700E503FB /* Hero.swift */,
			);
			name = Models;
			sourceTree = "<group>";
		};
/* End PBXGroup section */

/* Begin PBXNativeTarget section */
		5EF6681E1D11A5FF00E503FB /* HeroApp */ = {
			isa = PBXNativeTarget;
			buildConfigurationList = 5EF668311D11A5FF00E503FB /* Build configuration list for PBXNativeTarget "HeroApp" */;
			buildPhases = (
				5EF6681B1D11A5FF00E503FB /* Sources */,
				5EF6681C1D11A5FF00E503FB /* Frameworks */,
				5EF6681D1D11A5FF00E503FB /* Resources */,
			);
			buildRules = (
			);
			dependencies = (
			);
			name = HeroApp;
			productName = HeroApp;
			productReference = 5EF6681F1D11A5FF00E503FB /* HeroApp.app */;
			productType = "com.apple.product-type.application";
		};
/* End PBXNativeTarget section */

/* Begin PBXProject section */
		5EF668171D11A5FF00E503FB /* Project object */ = {
			isa = PBXProject;
			attributes = {
				LastSwiftUpdateCheck = 0730;
				LastUpgradeCheck = 0730;
				ORGANIZATIONNAME = "Touchopia, LLC";
				TargetAttributes = {
					5EF6681E1D11A5FF00E503FB = {
						CreatedOnToolsVersion = 7.3.1;
					};
				};
			};
			buildConfigurationList = 5EF6681A1D11A5FF00E503FB /* Build configuration list for PBXProject "HeroApp" */;
			compatibilityVersion = "Xcode 3.2";
			developmentRegion = English;
			hasScannedForEncodings = 0;
			knownRegions = (
				en,
				Base,
			);
			mainGroup = 5EF668161D11A5FF00E503FB;
			productRefGroup = 5EF668201D11A5FF00E503FB /* Products */;
			projectDirPath = "";
			projectRoot = "";
			targets = (
				5EF6681E1D11A5FF00E503FB /* HeroApp */,
			);
		};
/* End PBXProject section */

/* Begin PBXResourcesBuildPhase section */
		5EF6681D1D11A5FF00E503FB /* Resources */ = {
			isa = PBXResourcesBuildPhase;
			buildActionMask = 2147483647;
			files = (
				5EF6682D1D11A5FF00E503FB /* LaunchScreen.storyboard in Resources */,
				5EF6682A1D11A5FF00E503FB /* Assets.xcassets in Resources */,
				5EF668281D11A5FF00E503FB /* Main.storyboard in Resources */,
			);
			runOnlyForDeploymentPostprocessing = 0;
		};
/* End PBXResourcesBuildPhase section */

/* Begin PBXSourcesBuildPhase section */
		5EF6681B1D11A5FF00E503FB /* Sources */ = {
			isa = PBXSourcesBuildPhase;
			buildActionMask = 2147483647;
			files = (
				5EF6683D1D11BD5700E503FB /* Hero.swift in Sources */,
				5EF668231D11A5FF00E503FB /* AppDelegate.swift in Sources */,
				5EF668371D11B0F900E503FB /* HeroTableViewCell.swift in Sources */,
				5EF6683B1D11B41500E503FB /* RightHeroTableViewCell.swift in Sources */,
				5EF668351D11A73200E503FB /* HeroTableViewController.swift in Sources */,
			);
			runOnlyForDeploymentPostprocessing = 0;
		};
/* End PBXSourcesBuildPhase section */

/* Begin PBXVariantGroup section */
		5EF668261D11A5FF00E503FB /* Main.storyboard */ = {
			isa = PBXVariantGroup;
			children = (
				5EF668271D11A5FF00E503FB /* Base */,
			);
			name = Main.storyboard;
			sourceTree = "<group>";
		};
		5EF6682B1D11A5FF00E503FB /* LaunchScreen.storyboard */ = {
			isa = PBXVariantGroup;
			children = (
				5EF6682C1D11A5FF00E503FB /* Base */,
			);
			name = LaunchScreen.storyboard;
			sourceTree = "<group>";
		};
/* End PBXVariantGroup section */

/* Begin XCBuildConfiguration section */
		5EF6682F1D11A5FF00E503FB /* Debug */ = {
			isa = XCBuildConfiguration;
			buildSettings = {
				ALWAYS_SEARCH_USER_PATHS = NO;
				CLANG_ANALYZER_NONNULL = YES;
				CLANG_CXX_LANGUAGE_STANDARD = "gnu++0x";
				CLANG_CXX_LIBRARY = "libc++";
				CLANG_ENABLE_MODULES = YES;
				CLANG_ENABLE_OBJC_ARC = YES;
				CLANG_WARN_BOOL_CONVERSION = YES;
				CLANG_WARN_CONSTANT_CONVERSION = YES;
				CLANG_WARN_DIRECT_OBJC_ISA_USAGE = YES_ERROR;
				CLANG_WARN_EMPTY_BODY = YES;
				CLANG_WARN_ENUM_CONVERSION = YES;
				CLANG_WARN_INT_CONVERSION = YES;
				CLANG_WARN_OBJC_ROOT_CLASS = YES_ERROR;
				CLANG_WARN_UNREACHABLE_CODE = YES;
				CLANG_WARN__DUPLICATE_METHOD_MATCH = YES;
				"CODE_SIGN_IDENTITY[sdk=iphoneos*]" = "iPhone Developer";
				COPY_PHASE_STRIP = NO;
				DEBUG_INFORMATION_FORMAT = dwarf;
				ENABLE_STRICT_OBJC_MSGSEND = YES;
				ENABLE_TESTABILITY = YES;
				GCC_C_LANGUAGE_STANDARD = gnu99;
				GCC_DYNAMIC_NO_PIC = NO;
				GCC_NO_COMMON_BLOCKS = YES;
				GCC_OPTIMIZATION_LEVEL = 0;
				GCC_PREPROCESSOR_DEFINITIONS = (
					"DEBUG=1",
					"$(inherited)",
				);
				GCC_WARN_64_TO_32_BIT_CONVERSION = YES;
				GCC_WARN_ABOUT_RETURN_TYPE = YES_ERROR;
				GCC_WARN_UNDECLARED_SELECTOR = YES;
				GCC_WARN_UNINITIALIZED_AUTOS = YES_AGGRESSIVE;
				GCC_WARN_UNUSED_FUNCTION = YES;
				GCC_WARN_UNUSED_VARIABLE = YES;
				IPHONEOS_DEPLOYMENT_TARGET = 9.3;
				MTL_ENABLE_DEBUG_INFO = YES;
				ONLY_ACTIVE_ARCH = YES;
				SDKROOT = iphoneos;
				SWIFT_OPTIMIZATION_LEVEL = "-Onone";
			};
			name = Debug;
		};
		5EF668301D11A5FF00E503FB /* Release */ = {
			isa = XCBuildConfiguration;
			buildSettings = {
				ALWAYS_SEARCH_USER_PATHS = NO;
				CLANG_ANALYZER_NONNULL = YES;
				CLANG_CXX_LANGUAGE_STANDARD = "gnu++0x";
				CLANG_CXX_LIBRARY = "libc++";
				CLANG_ENABLE_MODULES = YES;
				CLANG_ENABLE_OBJC_ARC = YES;
				CLANG_WARN_BOOL_CONVERSION = YES;
				CLANG_WARN_CONSTANT_CONVERSION = YES;
				CLANG_WARN_DIRECT_OBJC_ISA_USAGE = YES_ERROR;
				CLANG_WARN_EMPTY_BODY = YES;
				CLANG_WARN_ENUM_CONVERSION = YES;
				CLANG_WARN_INT_CONVERSION = YES;
				CLANG_WARN_OBJC_ROOT_CLASS = YES_ERROR;
				CLANG_WARN_UNREACHABLE_CODE = YES;
				CLANG_WARN__DUPLICATE_METHOD_MATCH = YES;
				"CODE_SIGN_IDENTITY[sdk=iphoneos*]" = "iPhone Developer";
				COPY_PHASE_STRIP = NO;
				DEBUG_INFORMATION_FORMAT = "dwarf-with-dsym";
				ENABLE_NS_ASSERTIONS = NO;
				ENABLE_STRICT_OBJC_MSGSEND = YES;
				GCC_C_LANGUAGE_STANDARD = gnu99;
				GCC_NO_COMMON_BLOCKS = YES;
				GCC_WARN_64_TO_32_BIT_CONVERSION = YES;
				GCC_WARN_ABOUT_RETURN_TYPE = YES_ERROR;
				GCC_WARN_UNDECLARED_SELECTOR = YES;
				GCC_WARN_UNINITIALIZED_AUTOS = YES_AGGRESSIVE;
				GCC_WARN_UNUSED_FUNCTION = YES;
				GCC_WARN_UNUSED_VARIABLE = YES;
				IPHONEOS_DEPLOYMENT_TARGET = 9.3;
				MTL_ENABLE_DEBUG_INFO = NO;
				SDKROOT = iphoneos;
				VALIDATE_PRODUCT = YES;
			};
			name = Release;
		};
		5EF668321D11A5FF00E503FB /* Debug */ = {
			isa = XCBuildConfiguration;
			buildSettings = {
				ASSETCATALOG_COMPILER_APPICON_NAME = AppIcon;
				INFOPLIST_FILE = HeroApp/Info.plist;
				LD_RUNPATH_SEARCH_PATHS = "$(inherited) @executable_path/Frameworks";
				PRODUCT_BUNDLE_IDENTIFIER = com.touchopia.HeroApp;
				PRODUCT_NAME = "$(TARGET_NAME)";
			};
			name = Debug;
		};
		5EF668331D11A5FF00E503FB /* Release */ = {
			isa = XCBuildConfiguration;
			buildSettings = {
				ASSETCATALOG_COMPILER_APPICON_NAME = AppIcon;
				INFOPLIST_FILE = HeroApp/Info.plist;
				LD_RUNPATH_SEARCH_PATHS = "$(inherited) @executable_path/Frameworks";
				PRODUCT_BUNDLE_IDENTIFIER = com.touchopia.HeroApp;
				PRODUCT_NAME = "$(TARGET_NAME)";
			};
			name = Release;
		};
/* End XCBuildConfiguration section */

/* Begin XCConfigurationList section */
		5EF6681A1D11A5FF00E503FB /* Build configuration list for PBXProject "HeroApp" */ = {
			isa = XCConfigurationList;
			buildConfigurations = (
				5EF6682F1D11A5FF00E503FB /* Debug */,
				5EF668301D11A5FF00E503FB /* Release */,
			);
			defaultConfigurationIsVisible = 0;
			defaultConfigurationName = Release;
		};
		5EF668311D11A5FF00E503FB /* Build configuration list for PBXNativeTarget "HeroApp" */ = {
			isa = XCConfigurationList;
			buildConfigurations = (
				5EF668321D11A5FF00E503FB /* Debug */,
				5EF668331D11A5FF00E503FB /* Release */,
			);
			defaultConfigurationIsVisible = 0;
			defaultConfigurationName = Release;
		};
/* End XCConfigurationList section */
	};
	rootObject = 5EF668171D11A5FF00E503FB /* Project object */;
}
