// !$*UTF8*$!
{
	archiveVersion = 1;
	classes = {
	};
	objectVersion = 46;
	objects = {

/* Begin PBXBuildFile section */
		5EADC0AB1D37CF2D00098735 /* AppDelegate.swift in Sources */ = {isa = PBXBuildFile; fileRef = 5EADC0AA1D37CF2D00098735 /* AppDelegate.swift */; };
		5EADC0AD1D37CF2D00098735 /* ViewController.swift in Sources */ = {isa = PBXBuildFile; fileRef = 5EADC0AC1D37CF2D00098735 /* ViewController.swift */; };
		5EADC0B01D37CF2D00098735 /* Main.storyboard in Resources */ = {isa = PBXBuildFile; fileRef = 5EADC0AE1D37CF2D00098735 /* Main.storyboard */; };
		5EADC0B21D37CF2D00098735 /* Assets.xcassets in Resources */ = {isa = PBXBuildFile; fileRef = 5EADC0B11D37CF2D00098735 /* Assets.xcassets */; };
		5EADC0B51D37CF2D00098735 /* LaunchScreen.storyboard in Resources */ = {isa = PBXBuildFile; fileRef = 5EADC0B31D37CF2D00098735 /* LaunchScreen.storyboard */; };
/* End PBXBuildFile section */

/* Begin PBXFileReference section */
		5EADC0A71D37CF2D00098735 /* GestureApp.app */ = {isa = PBXFileReference; explicitFileType = wrapper.application; includeInIndex = 0; path = GestureApp.app; sourceTree = BUILT_PRODUCTS_DIR; };
		5EADC0AA1D37CF2D00098735 /* AppDelegate.swift */ = {isa = PBXFileReference; lastKnownFileType = sourcecode.swift; path = AppDelegate.swift; sourceTree = "<group>"; };
		5EADC0AC1D37CF2D00098735 /* ViewController.swift */ = {isa = PBXFileReference; lastKnownFileType = sourcecode.swift; path = ViewController.swift; sourceTree = "<group>"; };
		5EADC0AF1D37CF2D00098735 /* Base */ = {isa = PBXFileReference; lastKnownFileType = file.storyboard; name = Base; path = Base.lproj/Main.storyboard; sourceTree = "<group>"; };
		5EADC0B11D37CF2D00098735 /* Assets.xcassets */ = {isa = PBXFileReference; lastKnownFileType = folder.assetcatalog; path = Assets.xcassets; sourceTree = "<group>"; };
		5EADC0B41D37CF2D00098735 /* Base */ = {isa = PBXFileReference; lastKnownFileType = file.storyboard; name = Base; path = Base.lproj/LaunchScreen.storyboard; sourceTree = "<group>"; };
		5EADC0B61D37CF2D00098735 /* Info.plist */ = {isa = PBXFileReference; lastKnownFileType = text.plist.xml; path = Info.plist; sourceTree = "<group>"; };
/* End PBXFileReference section */

/* Begin PBXFrameworksBuildPhase section */
		5EADC0A41D37CF2D00098735 /* Frameworks */ = {
			isa = PBXFrameworksBuildPhase;
			buildActionMask = 2147483647;
			files = (
			);
			runOnlyForDeploymentPostprocessing = 0;
		};
/* End PBXFrameworksBuildPhase section */

/* Begin PBXGroup section */
		5EADC09E1D37CF2D00098735 = {
			isa = PBXGroup;
			children = (
				5EADC0A91D37CF2D00098735 /* GestureApp */,
				5EADC0A81D37CF2D00098735 /* Products */,
			);
			sourceTree = "<group>";
		};
		5EADC0A81D37CF2D00098735 /* Products */ = {
			isa = PBXGroup;
			children = (
				5EADC0A71D37CF2D00098735 /* GestureApp.app */,
			);
			name = Products;
			sourceTree = "<group>";
		};
		5EADC0A91D37CF2D00098735 /* GestureApp */ = {
			isa = PBXGroup;
			children = (
				5EADC0AA1D37CF2D00098735 /* AppDelegate.swift */,
				5EADC0AC1D37CF2D00098735 /* ViewController.swift */,
				5EADC0AE1D37CF2D00098735 /* Main.storyboard */,
				5EADC0B11D37CF2D00098735 /* Assets.xcassets */,
				5EADC0B31D37CF2D00098735 /* LaunchScreen.storyboard */,
				5EADC0B61D37CF2D00098735 /* Info.plist */,
			);
			path = GestureApp;
			sourceTree = "<group>";
		};
/* End PBXGroup section */

/* Begin PBXNativeTarget section */
		5EADC0A61D37CF2D00098735 /* GestureApp */ = {
			isa = PBXNativeTarget;
			buildConfigurationList = 5EADC0B91D37CF2D00098735 /* Build configuration list for PBXNativeTarget "GestureApp" */;
			buildPhases = (
				5EADC0A31D37CF2D00098735 /* Sources */,
				5EADC0A41D37CF2D00098735 /* Frameworks */,
				5EADC0A51D37CF2D00098735 /* Resources */,
			);
			buildRules = (
			);
			dependencies = (
			);
			name = GestureApp;
			productName = GestureApp;
			productReference = 5EADC0A71D37CF2D00098735 /* GestureApp.app */;
			productType = "com.apple.product-type.application";
		};
/* End PBXNativeTarget section */

/* Begin PBXProject section */
		5EADC09F1D37CF2D00098735 /* Project object */ = {
			isa = PBXProject;
			attributes = {
				LastSwiftUpdateCheck = 0730;
				LastUpgradeCheck = 0730;
				ORGANIZATIONNAME = "Touchopia, LLC";
				TargetAttributes = {
					5EADC0A61D37CF2D00098735 = {
						CreatedOnToolsVersion = 7.3.1;
					};
				};
			};
			buildConfigurationList = 5EADC0A21D37CF2D00098735 /* Build configuration list for PBXProject "GestureApp" */;
			compatibilityVersion = "Xcode 3.2";
			developmentRegion = English;
			hasScannedForEncodings = 0;
			knownRegions = (
				en,
				Base,
			);
			mainGroup = 5EADC09E1D37CF2D00098735;
			productRefGroup = 5EADC0A81D37CF2D00098735 /* Products */;
			projectDirPath = "";
			projectRoot = "";
			targets = (
				5EADC0A61D37CF2D00098735 /* GestureApp */,
			);
		};
/* End PBXProject section */

/* Begin PBXResourcesBuildPhase section */
		5EADC0A51D37CF2D00098735 /* Resources */ = {
			isa = PBXResourcesBuildPhase;
			buildActionMask = 2147483647;
			files = (
				5EADC0B51D37CF2D00098735 /* LaunchScreen.storyboard in Resources */,
				5EADC0B21D37CF2D00098735 /* Assets.xcassets in Resources */,
				5EADC0B01D37CF2D00098735 /* Main.storyboard in Resources */,
			);
			runOnlyForDeploymentPostprocessing = 0;
		};
/* End PBXResourcesBuildPhase section */

/* Begin PBXSourcesBuildPhase section */
		5EADC0A31D37CF2D00098735 /* Sources */ = {
			isa = PBXSourcesBuildPhase;
			buildActionMask = 2147483647;
			files = (
				5EADC0AD1D37CF2D00098735 /* ViewController.swift in Sources */,
				5EADC0AB1D37CF2D00098735 /* AppDelegate.swift in Sources */,
			);
			runOnlyForDeploymentPostprocessing = 0;
		};
/* End PBXSourcesBuildPhase section */

/* Begin PBXVariantGroup section */
		5EADC0AE1D37CF2D00098735 /* Main.storyboard */ = {
			isa = PBXVariantGroup;
			children = (
				5EADC0AF1D37CF2D00098735 /* Base */,
			);
			name = Main.storyboard;
			sourceTree = "<group>";
		};
		5EADC0B31D37CF2D00098735 /* LaunchScreen.storyboard */ = {
			isa = PBXVariantGroup;
			children = (
				5EADC0B41D37CF2D00098735 /* Base */,
			);
			name = LaunchScreen.storyboard;
			sourceTree = "<group>";
		};
/* End PBXVariantGroup section */

/* Begin XCBuildConfiguration section */
		5EADC0B71D37CF2D00098735 /* Debug */ = {
			isa = XCBuildConfiguration;
			buildSettings = {
				ALWAYS_SEARCH_USER_PATHS = NO;
				CLANG_ANALYZER_NONNULL = YES;
				CLANG_CXX_LANGUAGE_STANDARD = "gnu++0x";
				CLANG_CXX_LIBRARY = "libc++";
				CLANG_ENABLE_MODULES = YES;
				CLANG_ENABLE_OBJC_ARC = YES;
				CLANG_WARN_BOOL_CONVERSION = YES;
				CLANG_WARN_CONSTANT_CONVERSION = YES;
				CLANG_WARN_DIRECT_OBJC_ISA_USAGE = YES_ERROR;
				CLANG_WARN_EMPTY_BODY = YES;
				CLANG_WARN_ENUM_CONVERSION = YES;
				CLANG_WARN_INT_CONVERSION = YES;
				CLANG_WARN_OBJC_ROOT_CLASS = YES_ERROR;
				CLANG_WARN_UNREACHABLE_CODE = YES;
				CLANG_WARN__DUPLICATE_METHOD_MATCH = YES;
				"CODE_SIGN_IDENTITY[sdk=iphoneos*]" = "iPhone Developer";
				COPY_PHASE_STRIP = NO;
				DEBUG_INFORMATION_FORMAT = dwarf;
				ENABLE_STRICT_OBJC_MSGSEND = YES;
				ENABLE_TESTABILITY = YES;
				GCC_C_LANGUAGE_STANDARD = gnu99;
				GCC_DYNAMIC_NO_PIC = NO;
				GCC_NO_COMMON_BLOCKS = YES;
				GCC_OPTIMIZATION_LEVEL = 0;
				GCC_PREPROCESSOR_DEFINITIONS = (
					"DEBUG=1",
					"$(inherited)",
				);
				GCC_WARN_64_TO_32_BIT_CONVERSION = YES;
				GCC_WARN_ABOUT_RETURN_TYPE = YES_ERROR;
				GCC_WARN_UNDECLARED_SELECTOR = YES;
				GCC_WARN_UNINITIALIZED_AUTOS = YES_AGGRESSIVE;
				GCC_WARN_UNUSED_FUNCTION = YES;
				GCC_WARN_UNUSED_VARIABLE = YES;
				IPHONEOS_DEPLOYMENT_TARGET = 9.3;
				MTL_ENABLE_DEBUG_INFO = YES;
				ONLY_ACTIVE_ARCH = YES;
				SDKROOT = iphoneos;
				SWIFT_OPTIMIZATION_LEVEL = "-Onone";
			};
			name = Debug;
		};
		5EADC0B81D37CF2D00098735 /* Release */ = {
			isa = XCBuildConfiguration;
			buildSettings = {
				ALWAYS_SEARCH_USER_PATHS = NO;
				CLANG_ANALYZER_NONNULL = YES;
				CLANG_CXX_LANGUAGE_STANDARD = "gnu++0x";
				CLANG_CXX_LIBRARY = "libc++";
				CLANG_ENABLE_MODULES = YES;
				CLANG_ENABLE_OBJC_ARC = YES;
				CLANG_WARN_BOOL_CONVERSION = YES;
				CLANG_WARN_CONSTANT_CONVERSION = YES;
				CLANG_WARN_DIRECT_OBJC_ISA_USAGE = YES_ERROR;
				CLANG_WARN_EMPTY_BODY = YES;
				CLANG_WARN_ENUM_CONVERSION = YES;
				CLANG_WARN_INT_CONVERSION = YES;
				CLANG_WARN_OBJC_ROOT_CLASS = YES_ERROR;
				CLANG_WARN_UNREACHABLE_CODE = YES;
				CLANG_WARN__DUPLICATE_METHOD_MATCH = YES;
				"CODE_SIGN_IDENTITY[sdk=iphoneos*]" = "iPhone Developer";
				COPY_PHASE_STRIP = NO;
				DEBUG_INFORMATION_FORMAT = "dwarf-with-dsym";
				ENABLE_NS_ASSERTIONS = NO;
				ENABLE_STRICT_OBJC_MSGSEND = YES;
				GCC_C_LANGUAGE_STANDARD = gnu99;
				GCC_NO_COMMON_BLOCKS = YES;
				GCC_WARN_64_TO_32_BIT_CONVERSION = YES;
				GCC_WARN_ABOUT_RETURN_TYPE = YES_ERROR;
				GCC_WARN_UNDECLARED_SELECTOR = YES;
				GCC_WARN_UNINITIALIZED_AUTOS = YES_AGGRESSIVE;
				GCC_WARN_UNUSED_FUNCTION = YES;
				GCC_WARN_UNUSED_VARIABLE = YES;
				IPHONEOS_DEPLOYMENT_TARGET = 9.3;
				MTL_ENABLE_DEBUG_INFO = NO;
				SDKROOT = iphoneos;
				VALIDATE_PRODUCT = YES;
			};
			name = Release;
		};
		5EADC0BA1D37CF2D00098735 /* Debug */ = {
			isa = XCBuildConfiguration;
			buildSettings = {
				ASSETCATALOG_COMPILER_APPICON_NAME = AppIcon;
				INFOPLIST_FILE = GestureApp/Info.plist;
				LD_RUNPATH_SEARCH_PATHS = "$(inherited) @executable_path/Frameworks";
				PRODUCT_BUNDLE_IDENTIFIER = com.touchopia.GestureApp;
				PRODUCT_NAME = "$(TARGET_NAME)";
			};
			name = Debug;
		};
		5EADC0BB1D37CF2D00098735 /* Release */ = {
			isa = XCBuildConfiguration;
			buildSettings = {
				ASSETCATALOG_COMPILER_APPICON_NAME = AppIcon;
				INFOPLIST_FILE = GestureApp/Info.plist;
				LD_RUNPATH_SEARCH_PATHS = "$(inherited) @executable_path/Frameworks";
				PRODUCT_BUNDLE_IDENTIFIER = com.touchopia.GestureApp;
				PRODUCT_NAME = "$(TARGET_NAME)";
			};
			name = Release;
		};
/* End XCBuildConfiguration section */

/* Begin XCConfigurationList section */
		5EADC0A21D37CF2D00098735 /* Build configuration list for PBXProject "GestureApp" */ = {
			isa = XCConfigurationList;
			buildConfigurations = (
				5EADC0B71D37CF2D00098735 /* Debug */,
				5EADC0B81D37CF2D00098735 /* Release */,
			);
			defaultConfigurationIsVisible = 0;
			defaultConfigurationName = Release;
		};
		5EADC0B91D37CF2D00098735 /* Build configuration list for PBXNativeTarget "GestureApp" */ = {
			isa = XCConfigurationList;
			buildConfigurations = (
				5EADC0BA1D37CF2D00098735 /* Debug */,
				5EADC0BB1D37CF2D00098735 /* Release */,
			);
			defaultConfigurationIsVisible = 0;
		};
/* End XCConfigurationList section */
	};
	rootObject = 5EADC09F1D37CF2D00098735 /* Project object */;
}
