// !$*UTF8*$!
{
	archiveVersion = 1;
	classes = {
	};
	objectVersion = 46;
	objects = {

/* Begin PBXBuildFile section */
		5E9A35301CEA366C00AFFE2B /* main.m in Sources */ = {isa = PBXBuildFile; fileRef = 5E9A352F1CEA366C00AFFE2B /* main.m */; };
		5E9A35331CEA366C00AFFE2B /* AppDelegate.m in Sources */ = {isa = PBXBuildFile; fileRef = 5E9A35321CEA366C00AFFE2B /* AppDelegate.m */; };
		5E9A35361CEA366C00AFFE2B /* ViewController.m in Sources */ = {isa = PBXBuildFile; fileRef = 5E9A35351CEA366C00AFFE2B /* ViewController.m */; };
		5E9A35391CEA366C00AFFE2B /* Main.storyboard in Resources */ = {isa = PBXBuildFile; fileRef = 5E9A35371CEA366C00AFFE2B /* Main.storyboard */; };
		5E9A353B1CEA366C00AFFE2B /* Assets.xcassets in Resources */ = {isa = PBXBuildFile; fileRef = 5E9A353A1CEA366C00AFFE2B /* Assets.xcassets */; };
		5E9A353E1CEA366C00AFFE2B /* LaunchScreen.storyboard in Resources */ = {isa = PBXBuildFile; fileRef = 5E9A353C1CEA366C00AFFE2B /* LaunchScreen.storyboard */; };
/* End PBXBuildFile section */

/* Begin PBXFileReference section */
		5E9A352B1CEA366C00AFFE2B /* CounterApp.app */ = {isa = PBXFileReference; explicitFileType = wrapper.application; includeInIndex = 0; path = CounterApp.app; sourceTree = BUILT_PRODUCTS_DIR; };
		5E9A352F1CEA366C00AFFE2B /* main.m */ = {isa = PBXFileReference; lastKnownFileType = sourcecode.c.objc; path = main.m; sourceTree = "<group>"; };
		5E9A35311CEA366C00AFFE2B /* AppDelegate.h */ = {isa = PBXFileReference; lastKnownFileType = sourcecode.c.h; path = AppDelegate.h; sourceTree = "<group>"; };
		5E9A35321CEA366C00AFFE2B /* AppDelegate.m */ = {isa = PBXFileReference; lastKnownFileType = sourcecode.c.objc; path = AppDelegate.m; sourceTree = "<group>"; };
		5E9A35341CEA366C00AFFE2B /* ViewController.h */ = {isa = PBXFileReference; lastKnownFileType = sourcecode.c.h; path = ViewController.h; sourceTree = "<group>"; };
		5E9A35351CEA366C00AFFE2B /* ViewController.m */ = {isa = PBXFileReference; lastKnownFileType = sourcecode.c.objc; path = ViewController.m; sourceTree = "<group>"; };
		5E9A35381CEA366C00AFFE2B /* Base */ = {isa = PBXFileReference; lastKnownFileType = file.storyboard; name = Base; path = Base.lproj/Main.storyboard; sourceTree = "<group>"; };
		5E9A353A1CEA366C00AFFE2B /* Assets.xcassets */ = {isa = PBXFileReference; lastKnownFileType = folder.assetcatalog; path = Assets.xcassets; sourceTree = "<group>"; };
		5E9A353D1CEA366C00AFFE2B /* Base */ = {isa = PBXFileReference; lastKnownFileType = file.storyboard; name = Base; path = Base.lproj/LaunchScreen.storyboard; sourceTree = "<group>"; };
		5E9A353F1CEA366C00AFFE2B /* Info.plist */ = {isa = PBXFileReference; lastKnownFileType = text.plist.xml; path = Info.plist; sourceTree = "<group>"; };
/* End PBXFileReference section */

/* Begin PBXFrameworksBuildPhase section */
		5E9A35281CEA366C00AFFE2B /* Frameworks */ = {
			isa = PBXFrameworksBuildPhase;
			buildActionMask = 2147483647;
			files = (
			);
			runOnlyForDeploymentPostprocessing = 0;
		};
/* End PBXFrameworksBuildPhase section */

/* Begin PBXGroup section */
		5E9A35221CEA366C00AFFE2B = {
			isa = PBXGroup;
			children = (
				5E9A352D1CEA366C00AFFE2B /* CounterApp */,
				5E9A352C1CEA366C00AFFE2B /* Products */,
			);
			sourceTree = "<group>";
		};
		5E9A352C1CEA366C00AFFE2B /* Products */ = {
			isa = PBXGroup;
			children = (
				5E9A352B1CEA366C00AFFE2B /* CounterApp.app */,
			);
			name = Products;
			sourceTree = "<group>";
		};
		5E9A352D1CEA366C00AFFE2B /* CounterApp */ = {
			isa = PBXGroup;
			children = (
				5E9A35311CEA366C00AFFE2B /* AppDelegate.h */,
				5E9A35321CEA366C00AFFE2B /* AppDelegate.m */,
				5E9A35341CEA366C00AFFE2B /* ViewController.h */,
				5E9A35351CEA366C00AFFE2B /* ViewController.m */,
				5E9A35371CEA366C00AFFE2B /* Main.storyboard */,
				5E9A353A1CEA366C00AFFE2B /* Assets.xcassets */,
				5E9A353C1CEA366C00AFFE2B /* LaunchScreen.storyboard */,
				5E9A353F1CEA366C00AFFE2B /* Info.plist */,
				5E9A352E1CEA366C00AFFE2B /* Supporting Files */,
			);
			path = CounterApp;
			sourceTree = "<group>";
		};
		5E9A352E1CEA366C00AFFE2B /* Supporting Files */ = {
			isa = PBXGroup;
			children = (
				5E9A352F1CEA366C00AFFE2B /* main.m */,
			);
			name = "Supporting Files";
			sourceTree = "<group>";
		};
/* End PBXGroup section */

/* Begin PBXNativeTarget section */
		5E9A352A1CEA366C00AFFE2B /* CounterApp */ = {
			isa = PBXNativeTarget;
			buildConfigurationList = 5E9A35421CEA366C00AFFE2B /* Build configuration list for PBXNativeTarget "CounterApp" */;
			buildPhases = (
				5E9A35271CEA366C00AFFE2B /* Sources */,
				5E9A35281CEA366C00AFFE2B /* Frameworks */,
				5E9A35291CEA366C00AFFE2B /* Resources */,
			);
			buildRules = (
			);
			dependencies = (
			);
			name = CounterApp;
			productName = CounterApp;
			productReference = 5E9A352B1CEA366C00AFFE2B /* CounterApp.app */;
			productType = "com.apple.product-type.application";
		};
/* End PBXNativeTarget section */

/* Begin PBXProject section */
		5E9A35231CEA366C00AFFE2B /* Project object */ = {
			isa = PBXProject;
			attributes = {
				LastUpgradeCheck = 0730;
				ORGANIZATIONNAME = "Touchopia, LLC";
				TargetAttributes = {
					5E9A352A1CEA366C00AFFE2B = {
						CreatedOnToolsVersion = 7.3.1;
					};
				};
			};
			buildConfigurationList = 5E9A35261CEA366C00AFFE2B /* Build configuration list for PBXProject "CounterApp" */;
			compatibilityVersion = "Xcode 3.2";
			developmentRegion = English;
			hasScannedForEncodings = 0;
			knownRegions = (
				en,
				Base,
			);
			mainGroup = 5E9A35221CEA366C00AFFE2B;
			productRefGroup = 5E9A352C1CEA366C00AFFE2B /* Products */;
			projectDirPath = "";
			projectRoot = "";
			targets = (
				5E9A352A1CEA366C00AFFE2B /* CounterApp */,
			);
		};
/* End PBXProject section */

/* Begin PBXResourcesBuildPhase section */
		5E9A35291CEA366C00AFFE2B /* Resources */ = {
			isa = PBXResourcesBuildPhase;
			buildActionMask = 2147483647;
			files = (
				5E9A353E1CEA366C00AFFE2B /* LaunchScreen.storyboard in Resources */,
				5E9A353B1CEA366C00AFFE2B /* Assets.xcassets in Resources */,
				5E9A35391CEA366C00AFFE2B /* Main.storyboard in Resources */,
			);
			runOnlyForDeploymentPostprocessing = 0;
		};
/* End PBXResourcesBuildPhase section */

/* Begin PBXSourcesBuildPhase section */
		5E9A35271CEA366C00AFFE2B /* Sources */ = {
			isa = PBXSourcesBuildPhase;
			buildActionMask = 2147483647;
			files = (
				5E9A35361CEA366C00AFFE2B /* ViewController.m in Sources */,
				5E9A35331CEA366C00AFFE2B /* AppDelegate.m in Sources */,
				5E9A35301CEA366C00AFFE2B /* main.m in Sources */,
			);
			runOnlyForDeploymentPostprocessing = 0;
		};
/* End PBXSourcesBuildPhase section */

/* Begin PBXVariantGroup section */
		5E9A35371CEA366C00AFFE2B /* Main.storyboard */ = {
			isa = PBXVariantGroup;
			children = (
				5E9A35381CEA366C00AFFE2B /* Base */,
			);
			name = Main.storyboard;
			sourceTree = "<group>";
		};
		5E9A353C1CEA366C00AFFE2B /* LaunchScreen.storyboard */ = {
			isa = PBXVariantGroup;
			children = (
				5E9A353D1CEA366C00AFFE2B /* Base */,
			);
			name = LaunchScreen.storyboard;
			sourceTree = "<group>";
		};
/* End PBXVariantGroup section */

/* Begin XCBuildConfiguration section */
		5E9A35401CEA366C00AFFE2B /* Debug */ = {
			isa = XCBuildConfiguration;
			buildSettings = {
				ALWAYS_SEARCH_USER_PATHS = NO;
				CLANG_ANALYZER_NONNULL = YES;
				CLANG_CXX_LANGUAGE_STANDARD = "gnu++0x";
				CLANG_CXX_LIBRARY = "libc++";
				CLANG_ENABLE_MODULES = YES;
				CLANG_ENABLE_OBJC_ARC = YES;
				CLANG_WARN_BOOL_CONVERSION = YES;
				CLANG_WARN_CONSTANT_CONVERSION = YES;
				CLANG_WARN_DIRECT_OBJC_ISA_USAGE = YES_ERROR;
				CLANG_WARN_EMPTY_BODY = YES;
				CLANG_WARN_ENUM_CONVERSION = YES;
				CLANG_WARN_INT_CONVERSION = YES;
				CLANG_WARN_OBJC_ROOT_CLASS = YES_ERROR;
				CLANG_WARN_UNREACHABLE_CODE = YES;
				CLANG_WARN__DUPLICATE_METHOD_MATCH = YES;
				"CODE_SIGN_IDENTITY[sdk=iphoneos*]" = "iPhone Developer";
				COPY_PHASE_STRIP = NO;
				DEBUG_INFORMATION_FORMAT = dwarf;
				ENABLE_STRICT_OBJC_MSGSEND = YES;
				ENABLE_TESTABILITY = YES;
				GCC_C_LANGUAGE_STANDARD = gnu99;
				GCC_DYNAMIC_NO_PIC = NO;
				GCC_NO_COMMON_BLOCKS = YES;
				GCC_OPTIMIZATION_LEVEL = 0;
				GCC_PREPROCESSOR_DEFINITIONS = (
					"DEBUG=1",
					"$(inherited)",
				);
				GCC_WARN_64_TO_32_BIT_CONVERSION = YES;
				GCC_WARN_ABOUT_RETURN_TYPE = YES_ERROR;
				GCC_WARN_UNDECLARED_SELECTOR = YES;
				GCC_WARN_UNINITIALIZED_AUTOS = YES_AGGRESSIVE;
				GCC_WARN_UNUSED_FUNCTION = YES;
				GCC_WARN_UNUSED_VARIABLE = YES;
				IPHONEOS_DEPLOYMENT_TARGET = 9.3;
				MTL_ENABLE_DEBUG_INFO = YES;
				ONLY_ACTIVE_ARCH = YES;
				SDKROOT = iphoneos;
			};
			name = Debug;
		};
		5E9A35411CEA366C00AFFE2B /* Release */ = {
			isa = XCBuildConfiguration;
			buildSettings = {
				ALWAYS_SEARCH_USER_PATHS = NO;
				CLANG_ANALYZER_NONNULL = YES;
				CLANG_CXX_LANGUAGE_STANDARD = "gnu++0x";
				CLANG_CXX_LIBRARY = "libc++";
				CLANG_ENABLE_MODULES = YES;
				CLANG_ENABLE_OBJC_ARC = YES;
				CLANG_WARN_BOOL_CONVERSION = YES;
				CLANG_WARN_CONSTANT_CONVERSION = YES;
				CLANG_WARN_DIRECT_OBJC_ISA_USAGE = YES_ERROR;
				CLANG_WARN_EMPTY_BODY = YES;
				CLANG_WARN_ENUM_CONVERSION = YES;
				CLANG_WARN_INT_CONVERSION = YES;
				CLANG_WARN_OBJC_ROOT_CLASS = YES_ERROR;
				CLANG_WARN_UNREACHABLE_CODE = YES;
				CLANG_WARN__DUPLICATE_METHOD_MATCH = YES;
				"CODE_SIGN_IDENTITY[sdk=iphoneos*]" = "iPhone Developer";
				COPY_PHASE_STRIP = NO;
				DEBUG_INFORMATION_FORMAT = "dwarf-with-dsym";
				ENABLE_NS_ASSERTIONS = NO;
				ENABLE_STRICT_OBJC_MSGSEND = YES;
				GCC_C_LANGUAGE_STANDARD = gnu99;
				GCC_NO_COMMON_BLOCKS = YES;
				GCC_WARN_64_TO_32_BIT_CONVERSION = YES;
				GCC_WARN_ABOUT_RETURN_TYPE = YES_ERROR;
				GCC_WARN_UNDECLARED_SELECTOR = YES;
				GCC_WARN_UNINITIALIZED_AUTOS = YES_AGGRESSIVE;
				GCC_WARN_UNUSED_FUNCTION = YES;
				GCC_WARN_UNUSED_VARIABLE = YES;
				IPHONEOS_DEPLOYMENT_TARGET = 9.3;
				MTL_ENABLE_DEBUG_INFO = NO;
				SDKROOT = iphoneos;
				VALIDATE_PRODUCT = YES;
			};
			name = Release;
		};
		5E9A35431CEA366C00AFFE2B /* Debug */ = {
			isa = XCBuildConfiguration;
			buildSettings = {
				ASSETCATALOG_COMPILER_APPICON_NAME = AppIcon;
				INFOPLIST_FILE = CounterApp/Info.plist;
				LD_RUNPATH_SEARCH_PATHS = "$(inherited) @executable_path/Frameworks";
				PRODUCT_BUNDLE_IDENTIFIER = com.touchopia.CounterApp;
				PRODUCT_NAME = "$(TARGET_NAME)";
			};
			name = Debug;
		};
		5E9A35441CEA366C00AFFE2B /* Release */ = {
			isa = XCBuildConfiguration;
			buildSettings = {
				ASSETCATALOG_COMPILER_APPICON_NAME = AppIcon;
				INFOPLIST_FILE = CounterApp/Info.plist;
				LD_RUNPATH_SEARCH_PATHS = "$(inherited) @executable_path/Frameworks";
				PRODUCT_BUNDLE_IDENTIFIER = com.touchopia.CounterApp;
				PRODUCT_NAME = "$(TARGET_NAME)";
			};
			name = Release;
		};
/* End XCBuildConfiguration section */

/* Begin XCConfigurationList section */
		5E9A35261CEA366C00AFFE2B /* Build configuration list for PBXProject "CounterApp" */ = {
			isa = XCConfigurationList;
			buildConfigurations = (
				5E9A35401CEA366C00AFFE2B /* Debug */,
				5E9A35411CEA366C00AFFE2B /* Release */,
			);
			defaultConfigurationIsVisible = 0;
			defaultConfigurationName = Release;
		};
		5E9A35421CEA366C00AFFE2B /* Build configuration list for PBXNativeTarget "CounterApp" */ = {
			isa = XCConfigurationList;
			buildConfigurations = (
				5E9A35431CEA366C00AFFE2B /* Debug */,
				5E9A35441CEA366C00AFFE2B /* Release */,
			);
			defaultConfigurationIsVisible = 0;
		};
/* End XCConfigurationList section */
	};
	rootObject = 5E9A35231CEA366C00AFFE2B /* Project object */;
}
