// !$*UTF8*$!
{
	archiveVersion = 1;
	classes = {
	};
	objectVersion = 46;
	objects = {

/* Begin PBXBuildFile section */
		5EFE6E231D33F20200CA52D5 /* AppDelegate.swift in Sources */ = {isa = PBXBuildFile; fileRef = 5EFE6E221D33F20200CA52D5 /* AppDelegate.swift */; };
		5EFE6E251D33F20200CA52D5 /* ViewController.swift in Sources */ = {isa = PBXBuildFile; fileRef = 5EFE6E241D33F20200CA52D5 /* ViewController.swift */; };
		5EFE6E281D33F20200CA52D5 /* Main.storyboard in Resources */ = {isa = PBXBuildFile; fileRef = 5EFE6E261D33F20200CA52D5 /* Main.storyboard */; };
		5EFE6E2A1D33F20200CA52D5 /* Assets.xcassets in Resources */ = {isa = PBXBuildFile; fileRef = 5EFE6E291D33F20200CA52D5 /* Assets.xcassets */; };
		5EFE6E2D1D33F20200CA52D5 /* LaunchScreen.storyboard in Resources */ = {isa = PBXBuildFile; fileRef = 5EFE6E2B1D33F20200CA52D5 /* LaunchScreen.storyboard */; };
		5EFE6E351D33F28D00CA52D5 /* MapKit.framework in Frameworks */ = {isa = PBXBuildFile; fileRef = 5EFE6E341D33F28D00CA52D5 /* MapKit.framework */; };
		5EFE6E381D34059600CA52D5 /* CustomMKPointAnnotation.swift in Sources */ = {isa = PBXBuildFile; fileRef = 5EFE6E371D34059600CA52D5 /* CustomMKPointAnnotation.swift */; };
/* End PBXBuildFile section */

/* Begin PBXFileReference section */
		5EFE6E1F1D33F20200CA52D5 /* MapApp.app */ = {isa = PBXFileReference; explicitFileType = wrapper.application; includeInIndex = 0; path = MapApp.app; sourceTree = BUILT_PRODUCTS_DIR; };
		5EFE6E221D33F20200CA52D5 /* AppDelegate.swift */ = {isa = PBXFileReference; lastKnownFileType = sourcecode.swift; path = AppDelegate.swift; sourceTree = "<group>"; };
		5EFE6E241D33F20200CA52D5 /* ViewController.swift */ = {isa = PBXFileReference; lastKnownFileType = sourcecode.swift; path = ViewController.swift; sourceTree = "<group>"; };
		5EFE6E271D33F20200CA52D5 /* Base */ = {isa = PBXFileReference; lastKnownFileType = file.storyboard; name = Base; path = Base.lproj/Main.storyboard; sourceTree = "<group>"; };
		5EFE6E291D33F20200CA52D5 /* Assets.xcassets */ = {isa = PBXFileReference; lastKnownFileType = folder.assetcatalog; path = Assets.xcassets; sourceTree = "<group>"; };
		5EFE6E2C1D33F20200CA52D5 /* Base */ = {isa = PBXFileReference; lastKnownFileType = file.storyboard; name = Base; path = Base.lproj/LaunchScreen.storyboard; sourceTree = "<group>"; };
		5EFE6E2E1D33F20200CA52D5 /* Info.plist */ = {isa = PBXFileReference; lastKnownFileType = text.plist.xml; path = Info.plist; sourceTree = "<group>"; };
		5EFE6E341D33F28D00CA52D5 /* MapKit.framework */ = {isa = PBXFileReference; lastKnownFileType = wrapper.framework; name = MapKit.framework; path = System/Library/Frameworks/MapKit.framework; sourceTree = SDKROOT; };
		5EFE6E371D34059600CA52D5 /* CustomMKPointAnnotation.swift */ = {isa = PBXFileReference; fileEncoding = 4; lastKnownFileType = sourcecode.swift; path = CustomMKPointAnnotation.swift; sourceTree = "<group>"; };
/* End PBXFileReference section */

/* Begin PBXFrameworksBuildPhase section */
		5EFE6E1C1D33F20200CA52D5 /* Frameworks */ = {
			isa = PBXFrameworksBuildPhase;
			buildActionMask = 2147483647;
			files = (
				5EFE6E351D33F28D00CA52D5 /* MapKit.framework in Frameworks */,
			);
			runOnlyForDeploymentPostprocessing = 0;
		};
/* End PBXFrameworksBuildPhase section */

/* Begin PBXGroup section */
		5EFE6E161D33F20200CA52D5 = {
			isa = PBXGroup;
			children = (
				5EFE6E211D33F20200CA52D5 /* MapApp */,
				5EFE6E201D33F20200CA52D5 /* Products */,
			);
			sourceTree = "<group>";
		};
		5EFE6E201D33F20200CA52D5 /* Products */ = {
			isa = PBXGroup;
			children = (
				5EFE6E1F1D33F20200CA52D5 /* MapApp.app */,
			);
			name = Products;
			sourceTree = "<group>";
		};
		5EFE6E211D33F20200CA52D5 /* MapApp */ = {
			isa = PBXGroup;
			children = (
				5EFE6E221D33F20200CA52D5 /* AppDelegate.swift */,
				5EFE6E241D33F20200CA52D5 /* ViewController.swift */,
				5EFE6E371D34059600CA52D5 /* CustomMKPointAnnotation.swift */,
				5EFE6E261D33F20200CA52D5 /* Main.storyboard */,
				5EFE6E291D33F20200CA52D5 /* Assets.xcassets */,
				5EFE6E361D33F2F000CA52D5 /* Supporting Files */,
			);
			path = MapApp;
			sourceTree = "<group>";
		};
		5EFE6E361D33F2F000CA52D5 /* Supporting Files */ = {
			isa = PBXGroup;
			children = (
				5EFE6E341D33F28D00CA52D5 /* MapKit.framework */,
				5EFE6E2B1D33F20200CA52D5 /* LaunchScreen.storyboard */,
				5EFE6E2E1D33F20200CA52D5 /* Info.plist */,
			);
			name = "Supporting Files";
			sourceTree = "<group>";
		};
/* End PBXGroup section */

/* Begin PBXNativeTarget section */
		5EFE6E1E1D33F20200CA52D5 /* MapApp */ = {
			isa = PBXNativeTarget;
			buildConfigurationList = 5EFE6E311D33F20200CA52D5 /* Build configuration list for PBXNativeTarget "MapApp" */;
			buildPhases = (
				5EFE6E1B1D33F20200CA52D5 /* Sources */,
				5EFE6E1C1D33F20200CA52D5 /* Frameworks */,
				5EFE6E1D1D33F20200CA52D5 /* Resources */,
			);
			buildRules = (
			);
			dependencies = (
			);
			name = MapApp;
			productName = MapApp;
			productReference = 5EFE6E1F1D33F20200CA52D5 /* MapApp.app */;
			productType = "com.apple.product-type.application";
		};
/* End PBXNativeTarget section */

/* Begin PBXProject section */
		5EFE6E171D33F20200CA52D5 /* Project object */ = {
			isa = PBXProject;
			attributes = {
				LastSwiftUpdateCheck = 0730;
				LastUpgradeCheck = 0730;
				ORGANIZATIONNAME = "Touchopia, LLC";
				TargetAttributes = {
					5EFE6E1E1D33F20200CA52D5 = {
						CreatedOnToolsVersion = 7.3.1;
						SystemCapabilities = {
							com.apple.Maps.iOS = {
								enabled = 1;
							};
						};
					};
				};
			};
			buildConfigurationList = 5EFE6E1A1D33F20200CA52D5 /* Build configuration list for PBXProject "MapApp" */;
			compatibilityVersion = "Xcode 3.2";
			developmentRegion = English;
			hasScannedForEncodings = 0;
			knownRegions = (
				en,
				Base,
			);
			mainGroup = 5EFE6E161D33F20200CA52D5;
			productRefGroup = 5EFE6E201D33F20200CA52D5 /* Products */;
			projectDirPath = "";
			projectRoot = "";
			targets = (
				5EFE6E1E1D33F20200CA52D5 /* MapApp */,
			);
		};
/* End PBXProject section */

/* Begin PBXResourcesBuildPhase section */
		5EFE6E1D1D33F20200CA52D5 /* Resources */ = {
			isa = PBXResourcesBuildPhase;
			buildActionMask = 2147483647;
			files = (
				5EFE6E2D1D33F20200CA52D5 /* LaunchScreen.storyboard in Resources */,
				5EFE6E2A1D33F20200CA52D5 /* Assets.xcassets in Resources */,
				5EFE6E281D33F20200CA52D5 /* Main.storyboard in Resources */,
			);
			runOnlyForDeploymentPostprocessing = 0;
		};
/* End PBXResourcesBuildPhase section */

/* Begin PBXSourcesBuildPhase section */
		5EFE6E1B1D33F20200CA52D5 /* Sources */ = {
			isa = PBXSourcesBuildPhase;
			buildActionMask = 2147483647;
			files = (
				5EFE6E381D34059600CA52D5 /* CustomMKPointAnnotation.swift in Sources */,
				5EFE6E251D33F20200CA52D5 /* ViewController.swift in Sources */,
				5EFE6E231D33F20200CA52D5 /* AppDelegate.swift in Sources */,
			);
			runOnlyForDeploymentPostprocessing = 0;
		};
/* End PBXSourcesBuildPhase section */

/* Begin PBXVariantGroup section */
		5EFE6E261D33F20200CA52D5 /* Main.storyboard */ = {
			isa = PBXVariantGroup;
			children = (
				5EFE6E271D33F20200CA52D5 /* Base */,
			);
			name = Main.storyboard;
			sourceTree = "<group>";
		};
		5EFE6E2B1D33F20200CA52D5 /* LaunchScreen.storyboard */ = {
			isa = PBXVariantGroup;
			children = (
				5EFE6E2C1D33F20200CA52D5 /* Base */,
			);
			name = LaunchScreen.storyboard;
			sourceTree = "<group>";
		};
/* End PBXVariantGroup section */

/* Begin XCBuildConfiguration section */
		5EFE6E2F1D33F20200CA52D5 /* Debug */ = {
			isa = XCBuildConfiguration;
			buildSettings = {
				ALWAYS_SEARCH_USER_PATHS = NO;
				CLANG_ANALYZER_NONNULL = YES;
				CLANG_CXX_LANGUAGE_STANDARD = "gnu++0x";
				CLANG_CXX_LIBRARY = "libc++";
				CLANG_ENABLE_MODULES = YES;
				CLANG_ENABLE_OBJC_ARC = YES;
				CLANG_WARN_BOOL_CONVERSION = YES;
				CLANG_WARN_CONSTANT_CONVERSION = YES;
				CLANG_WARN_DIRECT_OBJC_ISA_USAGE = YES_ERROR;
				CLANG_WARN_EMPTY_BODY = YES;
				CLANG_WARN_ENUM_CONVERSION = YES;
				CLANG_WARN_INT_CONVERSION = YES;
				CLANG_WARN_OBJC_ROOT_CLASS = YES_ERROR;
				CLANG_WARN_UNREACHABLE_CODE = YES;
				CLANG_WARN__DUPLICATE_METHOD_MATCH = YES;
				"CODE_SIGN_IDENTITY[sdk=iphoneos*]" = "iPhone Developer";
				COPY_PHASE_STRIP = NO;
				DEBUG_INFORMATION_FORMAT = dwarf;
				ENABLE_STRICT_OBJC_MSGSEND = YES;
				ENABLE_TESTABILITY = YES;
				GCC_C_LANGUAGE_STANDARD = gnu99;
				GCC_DYNAMIC_NO_PIC = NO;
				GCC_NO_COMMON_BLOCKS = YES;
				GCC_OPTIMIZATION_LEVEL = 0;
				GCC_PREPROCESSOR_DEFINITIONS = (
					"DEBUG=1",
					"$(inherited)",
				);
				GCC_WARN_64_TO_32_BIT_CONVERSION = YES;
				GCC_WARN_ABOUT_RETURN_TYPE = YES_ERROR;
				GCC_WARN_UNDECLARED_SELECTOR = YES;
				GCC_WARN_UNINITIALIZED_AUTOS = YES_AGGRESSIVE;
				GCC_WARN_UNUSED_FUNCTION = YES;
				GCC_WARN_UNUSED_VARIABLE = YES;
				IPHONEOS_DEPLOYMENT_TARGET = 9.3;
				MTL_ENABLE_DEBUG_INFO = YES;
				ONLY_ACTIVE_ARCH = YES;
				SDKROOT = iphoneos;
				SWIFT_OPTIMIZATION_LEVEL = "-Onone";
			};
			name = Debug;
		};
		5EFE6E301D33F20200CA52D5 /* Release */ = {
			isa = XCBuildConfiguration;
			buildSettings = {
				ALWAYS_SEARCH_USER_PATHS = NO;
				CLANG_ANALYZER_NONNULL = YES;
				CLANG_CXX_LANGUAGE_STANDARD = "gnu++0x";
				CLANG_CXX_LIBRARY = "libc++";
				CLANG_ENABLE_MODULES = YES;
				CLANG_ENABLE_OBJC_ARC = YES;
				CLANG_WARN_BOOL_CONVERSION = YES;
				CLANG_WARN_CONSTANT_CONVERSION = YES;
				CLANG_WARN_DIRECT_OBJC_ISA_USAGE = YES_ERROR;
				CLANG_WARN_EMPTY_BODY = YES;
				CLANG_WARN_ENUM_CONVERSION = YES;
				CLANG_WARN_INT_CONVERSION = YES;
				CLANG_WARN_OBJC_ROOT_CLASS = YES_ERROR;
				CLANG_WARN_UNREACHABLE_CODE = YES;
				CLANG_WARN__DUPLICATE_METHOD_MATCH = YES;
				"CODE_SIGN_IDENTITY[sdk=iphoneos*]" = "iPhone Developer";
				COPY_PHASE_STRIP = NO;
				DEBUG_INFORMATION_FORMAT = "dwarf-with-dsym";
				ENABLE_NS_ASSERTIONS = NO;
				ENABLE_STRICT_OBJC_MSGSEND = YES;
				GCC_C_LANGUAGE_STANDARD = gnu99;
				GCC_NO_COMMON_BLOCKS = YES;
				GCC_WARN_64_TO_32_BIT_CONVERSION = YES;
				GCC_WARN_ABOUT_RETURN_TYPE = YES_ERROR;
				GCC_WARN_UNDECLARED_SELECTOR = YES;
				GCC_WARN_UNINITIALIZED_AUTOS = YES_AGGRESSIVE;
				GCC_WARN_UNUSED_FUNCTION = YES;
				GCC_WARN_UNUSED_VARIABLE = YES;
				IPHONEOS_DEPLOYMENT_TARGET = 9.3;
				MTL_ENABLE_DEBUG_INFO = NO;
				SDKROOT = iphoneos;
				VALIDATE_PRODUCT = YES;
			};
			name = Release;
		};
		5EFE6E321D33F20200CA52D5 /* Debug */ = {
			isa = XCBuildConfiguration;
			buildSettings = {
				ASSETCATALOG_COMPILER_APPICON_NAME = AppIcon;
				INFOPLIST_FILE = MapApp/Info.plist;
				LD_RUNPATH_SEARCH_PATHS = "$(inherited) @executable_path/Frameworks";
				PRODUCT_BUNDLE_IDENTIFIER = com.touchopia.MapApp;
				PRODUCT_NAME = "$(TARGET_NAME)";
			};
			name = Debug;
		};
		5EFE6E331D33F20200CA52D5 /* Release */ = {
			isa = XCBuildConfiguration;
			buildSettings = {
				ASSETCATALOG_COMPILER_APPICON_NAME = AppIcon;
				INFOPLIST_FILE = MapApp/Info.plist;
				LD_RUNPATH_SEARCH_PATHS = "$(inherited) @executable_path/Frameworks";
				PRODUCT_BUNDLE_IDENTIFIER = com.touchopia.MapApp;
				PRODUCT_NAME = "$(TARGET_NAME)";
			};
			name = Release;
		};
/* End XCBuildConfiguration section */

/* Begin XCConfigurationList section */
		5EFE6E1A1D33F20200CA52D5 /* Build configuration list for PBXProject "MapApp" */ = {
			isa = XCConfigurationList;
			buildConfigurations = (
				5EFE6E2F1D33F20200CA52D5 /* Debug */,
				5EFE6E301D33F20200CA52D5 /* Release */,
			);
			defaultConfigurationIsVisible = 0;
			defaultConfigurationName = Release;
		};
		5EFE6E311D33F20200CA52D5 /* Build configuration list for PBXNativeTarget "MapApp" */ = {
			isa = XCConfigurationList;
			buildConfigurations = (
				5EFE6E321D33F20200CA52D5 /* Debug */,
				5EFE6E331D33F20200CA52D5 /* Release */,
			);
			defaultConfigurationIsVisible = 0;
		};
/* End XCConfigurationList section */
	};
	rootObject = 5EFE6E171D33F20200CA52D5 /* Project object */;
}
